
Microsoft Visual Studio Solution File, Format Version 12.00
# Visual Studio Version 17
VisualStudioVersion = 17.5.33530.505
MinimumVisualStudioVersion = 10.0.40219.1
Project("{FAE04EC0-301F-11D3-BF4B-00C04F79EFBC}") = "RecipesB2CBlazor", "RecipesB2CBlazor\RecipesB2CBlazor.csproj", "{BBBFFF02-6BEE-4289-847F-612278D75010}"
EndProject
Global
	GlobalSection(SolutionConfigurationPlatforms) = preSolution
		Debug|Any CPU = Debug|Any CPU
		Release|Any CPU = Release|Any CPU
	EndGlobalSection
	GlobalSection(ProjectConfigurationPlatforms) = postSolution
		{BBBFFF02-6BEE-4289-847F-612278D75010}.Debug|Any CPU.ActiveCfg = Debug|Any CPU
		{BBBFFF02-6BEE-4289-847F-612278D75010}.Debug|Any CPU.Build.0 = Debug|Any CPU
		{BBBFFF02-6BEE-4289-847F-612278D75010}.Release|Any CPU.ActiveCfg = Release|Any CPU
		{BBBFFF02-6BEE-4289-847F-612278D75010}.Release|Any CPU.Build.0 = Release|Any CPU
	EndGlobalSection
	GlobalSection(SolutionProperties) = preSolution
		HideSolutionNode = FALSE
	EndGlobalSection
	GlobalSection(ExtensibilityGlobals) = postSolution
		SolutionGuid = {F6DA6D16-4A4E-4EF3-9F13-94A4C75DF8D2}
	EndGlobalSection
EndGlobal
